
Microsoft Visual Studio Solution File, Format Version 12.00
# Visual Studio Version 17
VisualStudioVersion = 17.14.36623.8 d17.14
MinimumVisualStudioVersion = 10.0.40219.1
Project("{FAE04EC0-301F-11D3-BF4B-00C04F79EFBC}") = "SalariocomBonus", "SalariocomBonus\SalariocomBonus.csproj", "{3448D1F1-19B2-4FE1-91E4-C4A4D5B468CD}"
EndProject
Global
	GlobalSection(SolutionConfigurationPlatforms) = preSolution
		Debug|Any CPU = Debug|Any CPU
		Release|Any CPU = Release|Any CPU
	EndGlobalSection
	GlobalSection(ProjectConfigurationPlatforms) = postSolution
		{3448D1F1-19B2-4FE1-91E4-C4A4D5B468CD}.Debug|Any CPU.ActiveCfg = Debug|Any CPU
		{3448D1F1-19B2-4FE1-91E4-C4A4D5B468CD}.Debug|Any CPU.Build.0 = Debug|Any CPU
		{3448D1F1-19B2-4FE1-91E4-C4A4D5B468CD}.Release|Any CPU.ActiveCfg = Release|Any CPU
		{3448D1F1-19B2-4FE1-91E4-C4A4D5B468CD}.Release|Any CPU.Build.0 = Release|Any CPU
	EndGlobalSection
	GlobalSection(SolutionProperties) = preSolution
		HideSolutionNode = FALSE
	EndGlobalSection
	GlobalSection(ExtensibilityGlobals) = postSolution
		SolutionGuid = {F618CBB7-4537-442D-8449-368385D54696}
	EndGlobalSection
EndGlobal
