
Microsoft Visual Studio Solution File, Format Version 12.00
# Visual Studio Version 17
VisualStudioVersion = 17.14.36623.8 d17.14
MinimumVisualStudioVersion = 10.0.40219.1
Project("{FAE04EC0-301F-11D3-BF4B-00C04F79EFBC}") = "Média", "Média\Média.csproj", "{48E6169A-0DE2-46E2-AD77-6982CD93DE90}"
EndProject
Global
	GlobalSection(SolutionConfigurationPlatforms) = preSolution
		Debug|Any CPU = Debug|Any CPU
		Release|Any CPU = Release|Any CPU
	EndGlobalSection
	GlobalSection(ProjectConfigurationPlatforms) = postSolution
		{48E6169A-0DE2-46E2-AD77-6982CD93DE90}.Debug|Any CPU.ActiveCfg = Debug|Any CPU
		{48E6169A-0DE2-46E2-AD77-6982CD93DE90}.Debug|Any CPU.Build.0 = Debug|Any CPU
		{48E6169A-0DE2-46E2-AD77-6982CD93DE90}.Release|Any CPU.ActiveCfg = Release|Any CPU
		{48E6169A-0DE2-46E2-AD77-6982CD93DE90}.Release|Any CPU.Build.0 = Release|Any CPU
	EndGlobalSection
	GlobalSection(SolutionProperties) = preSolution
		HideSolutionNode = FALSE
	EndGlobalSection
	GlobalSection(ExtensibilityGlobals) = postSolution
		SolutionGuid = {7E4022A2-43FE-4C5B-A3D2-F3A6DF6D8983}
	EndGlobalSection
EndGlobal
