
Microsoft Visual Studio Solution File, Format Version 12.00
# Visual Studio Version 17
VisualStudioVersion = 17.14.36623.8 d17.14
MinimumVisualStudioVersion = 10.0.40219.1
Project("{FAE04EC0-301F-11D3-BF4B-00C04F79EFBC}") = "SenhaFixa", "SenhaFixa\SenhaFixa.csproj", "{6EF436CE-15E2-4049-B2CC-C8B8706349BF}"
EndProject
Global
	GlobalSection(SolutionConfigurationPlatforms) = preSolution
		Debug|Any CPU = Debug|Any CPU
		Release|Any CPU = Release|Any CPU
	EndGlobalSection
	GlobalSection(ProjectConfigurationPlatforms) = postSolution
		{6EF436CE-15E2-4049-B2CC-C8B8706349BF}.Debug|Any CPU.ActiveCfg = Debug|Any CPU
		{6EF436CE-15E2-4049-B2CC-C8B8706349BF}.Debug|Any CPU.Build.0 = Debug|Any CPU
		{6EF436CE-15E2-4049-B2CC-C8B8706349BF}.Release|Any CPU.ActiveCfg = Release|Any CPU
		{6EF436CE-15E2-4049-B2CC-C8B8706349BF}.Release|Any CPU.Build.0 = Release|Any CPU
	EndGlobalSection
	GlobalSection(SolutionProperties) = preSolution
		HideSolutionNode = FALSE
	EndGlobalSection
	GlobalSection(ExtensibilityGlobals) = postSolution
		SolutionGuid = {87A5B7B3-5B95-40EC-AAC2-EC1275E3B727}
	EndGlobalSection
EndGlobal
