
Microsoft Visual Studio Solution File, Format Version 12.00
# Visual Studio Version 17
VisualStudioVersion = 17.14.36623.8 d17.14
MinimumVisualStudioVersion = 10.0.40219.1
Project("{FAE04EC0-301F-11D3-BF4B-00C04F79EFBC}") = "Salário", "Salário\Salário.csproj", "{A54AF835-623E-4F68-988A-B4C5BD2528C6}"
EndProject
Global
	GlobalSection(SolutionConfigurationPlatforms) = preSolution
		Debug|Any CPU = Debug|Any CPU
		Release|Any CPU = Release|Any CPU
	EndGlobalSection
	GlobalSection(ProjectConfigurationPlatforms) = postSolution
		{A54AF835-623E-4F68-988A-B4C5BD2528C6}.Debug|Any CPU.ActiveCfg = Debug|Any CPU
		{A54AF835-623E-4F68-988A-B4C5BD2528C6}.Debug|Any CPU.Build.0 = Debug|Any CPU
		{A54AF835-623E-4F68-988A-B4C5BD2528C6}.Release|Any CPU.ActiveCfg = Release|Any CPU
		{A54AF835-623E-4F68-988A-B4C5BD2528C6}.Release|Any CPU.Build.0 = Release|Any CPU
	EndGlobalSection
	GlobalSection(SolutionProperties) = preSolution
		HideSolutionNode = FALSE
	EndGlobalSection
	GlobalSection(ExtensibilityGlobals) = postSolution
		SolutionGuid = {D61113C9-1953-42B2-BA96-A270BA2FB00A}
	EndGlobalSection
EndGlobal
