
Microsoft Visual Studio Solution File, Format Version 12.00
# Visual Studio Version 17
VisualStudioVersion = 17.14.36623.8 d17.14
MinimumVisualStudioVersion = 10.0.40219.1
Project("{FAE04EC0-301F-11D3-BF4B-00C04F79EFBC}") = "CoodenadasDeUmPonto", "CoodenadasDeUmPonto\CoodenadasDeUmPonto.csproj", "{61A8BFC9-E8D5-4B96-AB8D-6B597A01481C}"
EndProject
Global
	GlobalSection(SolutionConfigurationPlatforms) = preSolution
		Debug|Any CPU = Debug|Any CPU
		Release|Any CPU = Release|Any CPU
	EndGlobalSection
	GlobalSection(ProjectConfigurationPlatforms) = postSolution
		{61A8BFC9-E8D5-4B96-AB8D-6B597A01481C}.Debug|Any CPU.ActiveCfg = Debug|Any CPU
		{61A8BFC9-E8D5-4B96-AB8D-6B597A01481C}.Debug|Any CPU.Build.0 = Debug|Any CPU
		{61A8BFC9-E8D5-4B96-AB8D-6B597A01481C}.Release|Any CPU.ActiveCfg = Release|Any CPU
		{61A8BFC9-E8D5-4B96-AB8D-6B597A01481C}.Release|Any CPU.Build.0 = Release|Any CPU
	EndGlobalSection
	GlobalSection(SolutionProperties) = preSolution
		HideSolutionNode = FALSE
	EndGlobalSection
	GlobalSection(ExtensibilityGlobals) = postSolution
		SolutionGuid = {6BEA9D9E-80A9-4B05-AD05-A14BA31A1DCE}
	EndGlobalSection
EndGlobal
